// !$*UTF8*$!
{
	archiveVersion = 1;
	classes = {
	};
	objectVersion = 46;
	objects = {

/* Begin PBXBuildFile section */
		9C36417514F41CA2005DE008 /* UIKit.framework in Frameworks */ = {isa = PBXBuildFile; fileRef = 9C36417414F41CA2005DE008 /* UIKit.framework */; };
		9C36417714F41CA2005DE008 /* Foundation.framework in Frameworks */ = {isa = PBXBuildFile; fileRef = 9C36417614F41CA2005DE008 /* Foundation.framework */; };
		9C36417914F41CA2005DE008 /* CoreGraphics.framework in Frameworks */ = {isa = PBXBuildFile; fileRef = 9C36417814F41CA2005DE008 /* CoreGraphics.framework */; };
		9C36417F14F41CA2005DE008 /* InfoPlist.strings in Resources */ = {isa = PBXBuildFile; fileRef = 9C36417D14F41CA2005DE008 /* InfoPlist.strings */; };
		9C36418114F41CA2005DE008 /* main.m in Sources */ = {isa = PBXBuildFile; fileRef = 9C36418014F41CA2005DE008 /* main.m */; };
		9C36418514F41CA2005DE008 /* AppDelegate.m in Sources */ = {isa = PBXBuildFile; fileRef = 9C36418414F41CA2005DE008 /* AppDelegate.m */; };
		9C36418814F41CA2005DE008 /* PullToRefreshViewController.m in Sources */ = {isa = PBXBuildFile; fileRef = 9C36418714F41CA2005DE008 /* PullToRefreshViewController.m */; };
		9C36418F14F41CA2005DE008 /* PullToCreateViewController.m in Sources */ = {isa = PBXBuildFile; fileRef = 9C36418E14F41CA2005DE008 /* PullToCreateViewController.m */; };
		9C3641B914F43947005DE008 /* Icon.png in Resources */ = {isa = PBXBuildFile; fileRef = 9C3641B714F43947005DE008 /* Icon.png */; };
		9C3641BA14F43947005DE008 /* Icon@2x.png in Resources */ = {isa = PBXBuildFile; fileRef = 9C3641B814F43947005DE008 /* Icon@2x.png */; };
		9CB3D2BC14F45631006283F0 /* Circle-Arrow.png in Resources */ = {isa = PBXBuildFile; fileRef = 9CB3D2B814F45631006283F0 /* Circle-Arrow.png */; };
		9CB3D2BD14F45631006283F0 /* Circle-Arrow@2x.png in Resources */ = {isa = PBXBuildFile; fileRef = 9CB3D2B914F45631006283F0 /* Circle-Arrow@2x.png */; };
		9CB3D2C714F45729006283F0 /* MOOPullGestureRecognizer.m in Sources */ = {isa = PBXBuildFile; fileRef = 9CB3D2C414F45701006283F0 /* MOOPullGestureRecognizer.m */; };
		9CB3D2C814F45729006283F0 /* MOORefreshView.m in Sources */ = {isa = PBXBuildFile; fileRef = 9CB3D2C614F45701006283F0 /* MOORefreshView.m */; };
		9CB3D2CF14F45E9D006283F0 /* Arrow-Bucket.png in Resources */ = {isa = PBXBuildFile; fileRef = 9CB3D2CD14F45E9D006283F0 /* Arrow-Bucket.png */; };
		9CB3D2D014F45E9D006283F0 /* Arrow-Bucket@2x.png in Resources */ = {isa = PBXBuildFile; fileRef = 9CB3D2CE14F45E9D006283F0 /* Arrow-Bucket@2x.png */; };
		9CB3D2F814F49AF8006283F0 /* PullToRefreshDataSource.m in Sources */ = {isa = PBXBuildFile; fileRef = 9CB3D2F714F49AF8006283F0 /* PullToRefreshDataSource.m */; };
		9CB3D2FB14F49B08006283F0 /* PullToRefreshDelegate.m in Sources */ = {isa = PBXBuildFile; fileRef = 9CB3D2FA14F49B08006283F0 /* PullToRefreshDelegate.m */; };
		9CB3D2FE14F49B33006283F0 /* PullToCreateDataSource.m in Sources */ = {isa = PBXBuildFile; fileRef = 9CB3D2FD14F49B33006283F0 /* PullToCreateDataSource.m */; };
		9CB3D30114F49B3E006283F0 /* PullToCreateDelegate.m in Sources */ = {isa = PBXBuildFile; fileRef = 9CB3D30014F49B3E006283F0 /* PullToCreateDelegate.m */; };
		9CB3D30814F545DE006283F0 /* MOOCreateView.m in Sources */ = {isa = PBXBuildFile; fileRef = 9CB3D30714F544C1006283F0 /* MOOCreateView.m */; };
		9CB3D31A14F59143006283F0 /* QuartzCore.framework in Frameworks */ = {isa = PBXBuildFile; fileRef = 9CB3D31914F59143006283F0 /* QuartzCore.framework */; };
		9CB3D31D14F5BB6E006283F0 /* HipsterIpsumGenerator.m in Sources */ = {isa = PBXBuildFile; fileRef = 9CB3D31C14F5BB6E006283F0 /* HipsterIpsumGenerator.m */; };
		9CF65D5F15757E0600DE73D6 /* CustomTriggerViewController.m in Sources */ = {isa = PBXBuildFile; fileRef = 9CF65D5E15757E0600DE73D6 /* CustomTriggerViewController.m */; };
		9CF65D6315757E8600DE73D6 /* CustomTriggerDataSource.m in Sources */ = {isa = PBXBuildFile; fileRef = 9CF65D6215757E8600DE73D6 /* CustomTriggerDataSource.m */; };
		9CF65D6615757E9500DE73D6 /* CustomTriggerDelegate.m in Sources */ = {isa = PBXBuildFile; fileRef = 9CF65D6515757E9500DE73D6 /* CustomTriggerDelegate.m */; };
		9CF65D691575805C00DE73D6 /* Square.png in Resources */ = {isa = PBXBuildFile; fileRef = 9CF65D671575805C00DE73D6 /* Square.png */; };
		9CF65D6A1575805C00DE73D6 /* Square@2x.png in Resources */ = {isa = PBXBuildFile; fileRef = 9CF65D681575805C00DE73D6 /* Square@2x.png */; };
		9CF65D6D1575807B00DE73D6 /* CustomTriggerView.m in Sources */ = {isa = PBXBuildFile; fileRef = 9CF65D6C1575807B00DE73D6 /* CustomTriggerView.m */; };
		9CF8024A16D2843500610D70 /* Default-568h@2x.png in Resources */ = {isa = PBXBuildFile; fileRef = 9CF8024916D2843500610D70 /* Default-568h@2x.png */; };
/* End PBXBuildFile section */

/* Begin PBXFileReference section */
		9C36417014F41CA2005DE008 /* MOOPullGesture Demo.app */ = {isa = PBXFileReference; explicitFileType = wrapper.application; includeInIndex = 0; path = "MOOPullGesture Demo.app"; sourceTree = BUILT_PRODUCTS_DIR; };
		9C36417414F41CA2005DE008 /* UIKit.framework */ = {isa = PBXFileReference; lastKnownFileType = wrapper.framework; name = UIKit.framework; path = System/Library/Frameworks/UIKit.framework; sourceTree = SDKROOT; };
		9C36417614F41CA2005DE008 /* Foundation.framework */ = {isa = PBXFileReference; lastKnownFileType = wrapper.framework; name = Foundation.framework; path = System/Library/Frameworks/Foundation.framework; sourceTree = SDKROOT; };
		9C36417814F41CA2005DE008 /* CoreGraphics.framework */ = {isa = PBXFileReference; lastKnownFileType = wrapper.framework; name = CoreGraphics.framework; path = System/Library/Frameworks/CoreGraphics.framework; sourceTree = SDKROOT; };
		9C36417C14F41CA2005DE008 /* MOOPullGesture Demo-Info.plist */ = {isa = PBXFileReference; lastKnownFileType = text.plist.xml; path = "MOOPullGesture Demo-Info.plist"; sourceTree = "<group>"; };
		9C36417E14F41CA2005DE008 /* en */ = {isa = PBXFileReference; lastKnownFileType = text.plist.strings; name = en; path = en.lproj/InfoPlist.strings; sourceTree = "<group>"; };
		9C36418014F41CA2005DE008 /* main.m */ = {isa = PBXFileReference; lastKnownFileType = sourcecode.c.objc; path = main.m; sourceTree = "<group>"; };
		9C36418214F41CA2005DE008 /* MOOPullGesture Demo-Prefix.pch */ = {isa = PBXFileReference; lastKnownFileType = sourcecode.c.h; path = "MOOPullGesture Demo-Prefix.pch"; sourceTree = "<group>"; };
		9C36418314F41CA2005DE008 /* AppDelegate.h */ = {isa = PBXFileReference; lastKnownFileType = sourcecode.c.h; path = AppDelegate.h; sourceTree = "<group>"; };
		9C36418414F41CA2005DE008 /* AppDelegate.m */ = {isa = PBXFileReference; lastKnownFileType = sourcecode.c.objc; path = AppDelegate.m; sourceTree = "<group>"; };
		9C36418614F41CA2005DE008 /* PullToRefreshViewController.h */ = {isa = PBXFileReference; lastKnownFileType = sourcecode.c.h; path = PullToRefreshViewController.h; sourceTree = "<group>"; };
		9C36418714F41CA2005DE008 /* PullToRefreshViewController.m */ = {isa = PBXFileReference; lastKnownFileType = sourcecode.c.objc; path = PullToRefreshViewController.m; sourceTree = "<group>"; };
		9C36418D14F41CA2005DE008 /* PullToCreateViewController.h */ = {isa = PBXFileReference; lastKnownFileType = sourcecode.c.h; path = PullToCreateViewController.h; sourceTree = "<group>"; };
		9C36418E14F41CA2005DE008 /* PullToCreateViewController.m */ = {isa = PBXFileReference; lastKnownFileType = sourcecode.c.objc; path = PullToCreateViewController.m; sourceTree = "<group>"; };
		9C3641B714F43947005DE008 /* Icon.png */ = {isa = PBXFileReference; lastKnownFileType = image.png; path = Icon.png; sourceTree = "<group>"; };
		9C3641B814F43947005DE008 /* Icon@2x.png */ = {isa = PBXFileReference; lastKnownFileType = image.png; path = "Icon@2x.png"; sourceTree = "<group>"; };
		9CB3D2B814F45631006283F0 /* Circle-Arrow.png */ = {isa = PBXFileReference; lastKnownFileType = image.png; path = "Circle-Arrow.png"; sourceTree = "<group>"; };
		9CB3D2B914F45631006283F0 /* Circle-Arrow@2x.png */ = {isa = PBXFileReference; lastKnownFileType = image.png; path = "Circle-Arrow@2x.png"; sourceTree = "<group>"; };
		9CB3D2C314F45701006283F0 /* MOOPullGestureRecognizer.h */ = {isa = PBXFileReference; lastKnownFileType = sourcecode.c.h; path = MOOPullGestureRecognizer.h; sourceTree = "<group>"; };
		9CB3D2C414F45701006283F0 /* MOOPullGestureRecognizer.m */ = {isa = PBXFileReference; lastKnownFileType = sourcecode.c.objc; path = MOOPullGestureRecognizer.m; sourceTree = "<group>"; };
		9CB3D2C514F45701006283F0 /* MOORefreshView.h */ = {isa = PBXFileReference; lastKnownFileType = sourcecode.c.h; path = MOORefreshView.h; sourceTree = "<group>"; };
		9CB3D2C614F45701006283F0 /* MOORefreshView.m */ = {isa = PBXFileReference; lastKnownFileType = sourcecode.c.objc; path = MOORefreshView.m; sourceTree = "<group>"; };
		9CB3D2CD14F45E9D006283F0 /* Arrow-Bucket.png */ = {isa = PBXFileReference; lastKnownFileType = image.png; path = "Arrow-Bucket.png"; sourceTree = "<group>"; };
		9CB3D2CE14F45E9D006283F0 /* Arrow-Bucket@2x.png */ = {isa = PBXFileReference; lastKnownFileType = image.png; path = "Arrow-Bucket@2x.png"; sourceTree = "<group>"; };
		9CB3D2EF14F479EA006283F0 /* MOOTriggerView.h */ = {isa = PBXFileReference; fileEncoding = 4; lastKnownFileType = sourcecode.c.h; path = MOOTriggerView.h; sourceTree = "<group>"; };
		9CB3D2F414F48A37006283F0 /* MOOPullGestureRecognizerSubclass.h */ = {isa = PBXFileReference; lastKnownFileType = sourcecode.c.h; path = MOOPullGestureRecognizerSubclass.h; sourceTree = "<group>"; };
		9CB3D2F614F49AF8006283F0 /* PullToRefreshDataSource.h */ = {isa = PBXFileReference; fileEncoding = 4; lastKnownFileType = sourcecode.c.h; path = PullToRefreshDataSource.h; sourceTree = "<group>"; };
		9CB3D2F714F49AF8006283F0 /* PullToRefreshDataSource.m */ = {isa = PBXFileReference; fileEncoding = 4; lastKnownFileType = sourcecode.c.objc; path = PullToRefreshDataSource.m; sourceTree = "<group>"; };
		9CB3D2F914F49B08006283F0 /* PullToRefreshDelegate.h */ = {isa = PBXFileReference; fileEncoding = 4; lastKnownFileType = sourcecode.c.h; path = PullToRefreshDelegate.h; sourceTree = "<group>"; };
		9CB3D2FA14F49B08006283F0 /* PullToRefreshDelegate.m */ = {isa = PBXFileReference; fileEncoding = 4; lastKnownFileType = sourcecode.c.objc; path = PullToRefreshDelegate.m; sourceTree = "<group>"; };
		9CB3D2FC14F49B33006283F0 /* PullToCreateDataSource.h */ = {isa = PBXFileReference; fileEncoding = 4; lastKnownFileType = sourcecode.c.h; path = PullToCreateDataSource.h; sourceTree = "<group>"; };
		9CB3D2FD14F49B33006283F0 /* PullToCreateDataSource.m */ = {isa = PBXFileReference; fileEncoding = 4; lastKnownFileType = sourcecode.c.objc; path = PullToCreateDataSource.m; sourceTree = "<group>"; };
		9CB3D2FF14F49B3E006283F0 /* PullToCreateDelegate.h */ = {isa = PBXFileReference; fileEncoding = 4; lastKnownFileType = sourcecode.c.h; path = PullToCreateDelegate.h; sourceTree = "<group>"; };
		9CB3D30014F49B3E006283F0 /* PullToCreateDelegate.m */ = {isa = PBXFileReference; fileEncoding = 4; lastKnownFileType = sourcecode.c.objc; path = PullToCreateDelegate.m; sourceTree = "<group>"; };
		9CB3D30614F544C1006283F0 /* MOOCreateView.h */ = {isa = PBXFileReference; lastKnownFileType = sourcecode.c.h; path = MOOCreateView.h; sourceTree = "<group>"; };
		9CB3D30714F544C1006283F0 /* MOOCreateView.m */ = {isa = PBXFileReference; lastKnownFileType = sourcecode.c.objc; path = MOOCreateView.m; sourceTree = "<group>"; };
		9CB3D31914F59143006283F0 /* QuartzCore.framework */ = {isa = PBXFileReference; lastKnownFileType = wrapper.framework; name = QuartzCore.framework; path = System/Library/Frameworks/QuartzCore.framework; sourceTree = SDKROOT; };
		9CB3D31B14F5BB6E006283F0 /* HipsterIpsumGenerator.h */ = {isa = PBXFileReference; fileEncoding = 4; lastKnownFileType = sourcecode.c.h; path = HipsterIpsumGenerator.h; sourceTree = "<group>"; };
		9CB3D31C14F5BB6E006283F0 /* HipsterIpsumGenerator.m */ = {isa = PBXFileReference; fileEncoding = 4; lastKnownFileType = sourcecode.c.objc; path = HipsterIpsumGenerator.m; sourceTree = "<group>"; };
		9CF65D5D15757E0600DE73D6 /* CustomTriggerViewController.h */ = {isa = PBXFileReference; fileEncoding = 4; lastKnownFileType = sourcecode.c.h; path = CustomTriggerViewController.h; sourceTree = "<group>"; };
		9CF65D5E15757E0600DE73D6 /* CustomTriggerViewController.m */ = {isa = PBXFileReference; fileEncoding = 4; lastKnownFileType = sourcecode.c.objc; path = CustomTriggerViewController.m; sourceTree = "<group>"; };
		9CF65D6115757E8600DE73D6 /* CustomTriggerDataSource.h */ = {isa = PBXFileReference; fileEncoding = 4; lastKnownFileType = sourcecode.c.h; path = CustomTriggerDataSource.h; sourceTree = "<group>"; };
		9CF65D6215757E8600DE73D6 /* CustomTriggerDataSource.m */ = {isa = PBXFileReference; fileEncoding = 4; lastKnownFileType = sourcecode.c.objc; path = CustomTriggerDataSource.m; sourceTree = "<group>"; };
		9CF65D6415757E9500DE73D6 /* CustomTriggerDelegate.h */ = {isa = PBXFileReference; fileEncoding = 4; lastKnownFileType = sourcecode.c.h; path = CustomTriggerDelegate.h; sourceTree = "<group>"; };
		9CF65D6515757E9500DE73D6 /* CustomTriggerDelegate.m */ = {isa = PBXFileReference; fileEncoding = 4; lastKnownFileType = sourcecode.c.objc; path = CustomTriggerDelegate.m; sourceTree = "<group>"; };
		9CF65D671575805C00DE73D6 /* Square.png */ = {isa = PBXFileReference; lastKnownFileType = image.png; path = Square.png; sourceTree = "<group>"; };
		9CF65D681575805C00DE73D6 /* Square@2x.png */ = {isa = PBXFileReference; lastKnownFileType = image.png; path = "Square@2x.png"; sourceTree = "<group>"; };
		9CF65D6B1575807A00DE73D6 /* CustomTriggerView.h */ = {isa = PBXFileReference; fileEncoding = 4; lastKnownFileType = sourcecode.c.h; path = CustomTriggerView.h; sourceTree = "<group>"; };
		9CF65D6C1575807B00DE73D6 /* CustomTriggerView.m */ = {isa = PBXFileReference; fileEncoding = 4; lastKnownFileType = sourcecode.c.objc; path = CustomTriggerView.m; sourceTree = "<group>"; };
		9CF8024916D2843500610D70 /* Default-568h@2x.png */ = {isa = PBXFileReference; lastKnownFileType = image.png; path = "Default-568h@2x.png"; sourceTree = "<group>"; };
/* End PBXFileReference section */

/* Begin PBXFrameworksBuildPhase section */
		9C36416D14F41CA2005DE008 /* Frameworks */ = {
			isa = PBXFrameworksBuildPhase;
			buildActionMask = 2147483647;
			files = (
				9CB3D31A14F59143006283F0 /* QuartzCore.framework in Frameworks */,
				9C36417514F41CA2005DE008 /* UIKit.framework in Frameworks */,
				9C36417714F41CA2005DE008 /* Foundation.framework in Frameworks */,
				9C36417914F41CA2005DE008 /* CoreGraphics.framework in Frameworks */,
			);
			runOnlyForDeploymentPostprocessing = 0;
		};
/* End PBXFrameworksBuildPhase section */

/* Begin PBXGroup section */
		9C36416514F41CA2005DE008 = {
			isa = PBXGroup;
			children = (
				9C36417A14F41CA2005DE008 /* MOOPullGesture Demo */,
				9C3641AB14F435D1005DE008 /* External */,
				9C36417314F41CA2005DE008 /* Frameworks */,
				9C36417114F41CA2005DE008 /* Products */,
			);
			sourceTree = "<group>";
		};
		9C36417114F41CA2005DE008 /* Products */ = {
			isa = PBXGroup;
			children = (
				9C36417014F41CA2005DE008 /* MOOPullGesture Demo.app */,
			);
			name = Products;
			sourceTree = "<group>";
		};
		9C36417314F41CA2005DE008 /* Frameworks */ = {
			isa = PBXGroup;
			children = (
				9CB3D31914F59143006283F0 /* QuartzCore.framework */,
				9C36417414F41CA2005DE008 /* UIKit.framework */,
				9C36417614F41CA2005DE008 /* Foundation.framework */,
				9C36417814F41CA2005DE008 /* CoreGraphics.framework */,
			);
			name = Frameworks;
			sourceTree = "<group>";
		};
		9C36417A14F41CA2005DE008 /* MOOPullGesture Demo */ = {
			isa = PBXGroup;
			children = (
				9C36418314F41CA2005DE008 /* AppDelegate.h */,
				9C36418414F41CA2005DE008 /* AppDelegate.m */,
				9CB3D31B14F5BB6E006283F0 /* HipsterIpsumGenerator.h */,
				9CB3D31C14F5BB6E006283F0 /* HipsterIpsumGenerator.m */,
				9C3641A914F4345B005DE008 /* Pull to Create */,
				9C3641A814F4344C005DE008 /* Pull to Refresh */,
				9CF65D5B15757DEA00DE73D6 /* Custom Trigger */,
				9C36417B14F41CA2005DE008 /* Supporting Files */,
			);
			path = "MOOPullGesture Demo";
			sourceTree = "<group>";
		};
		9C36417B14F41CA2005DE008 /* Supporting Files */ = {
			isa = PBXGroup;
			children = (
				9C36417C14F41CA2005DE008 /* MOOPullGesture Demo-Info.plist */,
				9C36417D14F41CA2005DE008 /* InfoPlist.strings */,
				9CF8024916D2843500610D70 /* Default-568h@2x.png */,
				9C3641B714F43947005DE008 /* Icon.png */,
				9C3641B814F43947005DE008 /* Icon@2x.png */,
				9CF65D671575805C00DE73D6 /* Square.png */,
				9CF65D681575805C00DE73D6 /* Square@2x.png */,
				9C36418014F41CA2005DE008 /* main.m */,
				9C36418214F41CA2005DE008 /* MOOPullGesture Demo-Prefix.pch */,
			);
			name = "Supporting Files";
			sourceTree = "<group>";
		};
		9C3641A814F4344C005DE008 /* Pull to Refresh */ = {
			isa = PBXGroup;
			children = (
				9C3641BC14F439F9005DE008 /* Support */,
				9C36418614F41CA2005DE008 /* PullToRefreshViewController.h */,
				9C36418714F41CA2005DE008 /* PullToRefreshViewController.m */,
			);
			name = "Pull to Refresh";
			sourceTree = "<group>";
		};
		9C3641A914F4345B005DE008 /* Pull to Create */ = {
			isa = PBXGroup;
			children = (
				9C3641BB14F439F3005DE008 /* Support */,
				9C36418D14F41CA2005DE008 /* PullToCreateViewController.h */,
				9C36418E14F41CA2005DE008 /* PullToCreateViewController.m */,
			);
			name = "Pull to Create";
			sourceTree = "<group>";
		};
		9C3641AB14F435D1005DE008 /* External */ = {
			isa = PBXGroup;
			children = (
				9CB3D2B114F45631006283F0 /* MOOPullGesture */,
			);
			name = External;
			sourceTree = "<group>";
		};
		9C3641BB14F439F3005DE008 /* Support */ = {
			isa = PBXGroup;
			children = (
				9CB3D2FC14F49B33006283F0 /* PullToCreateDataSource.h */,
				9CB3D2FD14F49B33006283F0 /* PullToCreateDataSource.m */,
				9CB3D2FF14F49B3E006283F0 /* PullToCreateDelegate.h */,
				9CB3D30014F49B3E006283F0 /* PullToCreateDelegate.m */,
			);
			name = Support;
			sourceTree = "<group>";
		};
		9C3641BC14F439F9005DE008 /* Support */ = {
			isa = PBXGroup;
			children = (
				9CB3D2F614F49AF8006283F0 /* PullToRefreshDataSource.h */,
				9CB3D2F714F49AF8006283F0 /* PullToRefreshDataSource.m */,
				9CB3D2F914F49B08006283F0 /* PullToRefreshDelegate.h */,
				9CB3D2FA14F49B08006283F0 /* PullToRefreshDelegate.m */,
			);
			name = Support;
			sourceTree = "<group>";
		};
		9CB3D2B114F45631006283F0 /* MOOPullGesture */ = {
			isa = PBXGroup;
			children = (
				9CB3D2C314F45701006283F0 /* MOOPullGestureRecognizer.h */,
				9CB3D2F414F48A37006283F0 /* MOOPullGestureRecognizerSubclass.h */,
				9CB3D2C414F45701006283F0 /* MOOPullGestureRecognizer.m */,
				9CB3D2EF14F479EA006283F0 /* MOOTriggerView.h */,
				9CB3D30614F544C1006283F0 /* MOOCreateView.h */,
				9CB3D30714F544C1006283F0 /* MOOCreateView.m */,
				9CB3D2C514F45701006283F0 /* MOORefreshView.h */,
				9CB3D2C614F45701006283F0 /* MOORefreshView.m */,
				9CB3D2B714F45631006283F0 /* Resources */,
			);
			name = MOOPullGesture;
			path = ../MOOPullGesture;
			sourceTree = "<group>";
		};
		9CB3D2B714F45631006283F0 /* Resources */ = {
			isa = PBXGroup;
			children = (
				9CB3D2CD14F45E9D006283F0 /* Arrow-Bucket.png */,
				9CB3D2CE14F45E9D006283F0 /* Arrow-Bucket@2x.png */,
				9CB3D2B814F45631006283F0 /* Circle-Arrow.png */,
				9CB3D2B914F45631006283F0 /* Circle-Arrow@2x.png */,
			);
			path = Resources;
			sourceTree = "<group>";
		};
		9CF65D5B15757DEA00DE73D6 /* Custom Trigger */ = {
			isa = PBXGroup;
			children = (
				9CF65D6015757E6800DE73D6 /* Support */,
				9CF65D5D15757E0600DE73D6 /* CustomTriggerViewController.h */,
				9CF65D5E15757E0600DE73D6 /* CustomTriggerViewController.m */,
				9CF65D6B1575807A00DE73D6 /* CustomTriggerView.h */,
				9CF65D6C1575807B00DE73D6 /* CustomTriggerView.m */,
			);
			name = "Custom Trigger";
			sourceTree = "<group>";
		};
		9CF65D6015757E6800DE73D6 /* Support */ = {
			isa = PBXGroup;
			children = (
				9CF65D6115757E8600DE73D6 /* CustomTriggerDataSource.h */,
				9CF65D6215757E8600DE73D6 /* CustomTriggerDataSource.m */,
				9CF65D6415757E9500DE73D6 /* CustomTriggerDelegate.h */,
				9CF65D6515757E9500DE73D6 /* CustomTriggerDelegate.m */,
			);
			name = Support;
			sourceTree = "<group>";
		};
/* End PBXGroup section */

/* Begin PBXNativeTarget section */
		9C36416F14F41CA2005DE008 /* MOOPullGesture Demo */ = {
			isa = PBXNativeTarget;
			buildConfigurationList = 9C36419C14F41CA2005DE008 /* Build configuration list for PBXNativeTarget "MOOPullGesture Demo" */;
			buildPhases = (
				9C36416C14F41CA2005DE008 /* Sources */,
				9C36416D14F41CA2005DE008 /* Frameworks */,
				9C36416E14F41CA2005DE008 /* Resources */,
			);
			buildRules = (
			);
			dependencies = (
			);
			name = "MOOPullGesture Demo";
			productName = "MOOPullGesture Demo";
			productReference = 9C36417014F41CA2005DE008 /* MOOPullGesture Demo.app */;
			productType = "com.apple.product-type.application";
		};
/* End PBXNativeTarget section */

/* Begin PBXProject section */
		9C36416714F41CA2005DE008 /* Project object */ = {
			isa = PBXProject;
			attributes = {
				LastUpgradeCheck = 0430;
				ORGANIZATIONNAME = pandolph;
			};
			buildConfigurationList = 9C36416A14F41CA2005DE008 /* Build configuration list for PBXProject "MOOPullGesture Demo" */;
			compatibilityVersion = "Xcode 3.2";
			developmentRegion = English;
			hasScannedForEncodings = 0;
			knownRegions = (
				en,
			);
			mainGroup = 9C36416514F41CA2005DE008;
			productRefGroup = 9C36417114F41CA2005DE008 /* Products */;
			projectDirPath = "";
			projectRoot = "";
			targets = (
				9C36416F14F41CA2005DE008 /* MOOPullGesture Demo */,
			);
		};
/* End PBXProject section */

/* Begin PBXResourcesBuildPhase section */
		9C36416E14F41CA2005DE008 /* Resources */ = {
			isa = PBXResourcesBuildPhase;
			buildActionMask = 2147483647;
			files = (
				9C36417F14F41CA2005DE008 /* InfoPlist.strings in Resources */,
				9C3641B914F43947005DE008 /* Icon.png in Resources */,
				9C3641BA14F43947005DE008 /* Icon@2x.png in Resources */,
				9CB3D2BC14F45631006283F0 /* Circle-Arrow.png in Resources */,
				9CB3D2BD14F45631006283F0 /* Circle-Arrow@2x.png in Resources */,
				9CB3D2CF14F45E9D006283F0 /* Arrow-Bucket.png in Resources */,
				9CB3D2D014F45E9D006283F0 /* Arrow-Bucket@2x.png in Resources */,
				9CF65D691575805C00DE73D6 /* Square.png in Resources */,
				9CF65D6A1575805C00DE73D6 /* Square@2x.png in Resources */,
				9CF8024A16D2843500610D70 /* Default-568h@2x.png in Resources */,
			);
			runOnlyForDeploymentPostprocessing = 0;
		};
/* End PBXResourcesBuildPhase section */

/* Begin PBXSourcesBuildPhase section */
		9C36416C14F41CA2005DE008 /* Sources */ = {
			isa = PBXSourcesBuildPhase;
			buildActionMask = 2147483647;
			files = (
				9CB3D30814F545DE006283F0 /* MOOCreateView.m in Sources */,
				9CB3D2C714F45729006283F0 /* MOOPullGestureRecognizer.m in Sources */,
				9CB3D2C814F45729006283F0 /* MOORefreshView.m in Sources */,
				9C36418114F41CA2005DE008 /* main.m in Sources */,
				9C36418514F41CA2005DE008 /* AppDelegate.m in Sources */,
				9C36418814F41CA2005DE008 /* PullToRefreshViewController.m in Sources */,
				9C36418F14F41CA2005DE008 /* PullToCreateViewController.m in Sources */,
				9CB3D2F814F49AF8006283F0 /* PullToRefreshDataSource.m in Sources */,
				9CB3D2FB14F49B08006283F0 /* PullToRefreshDelegate.m in Sources */,
				9CB3D2FE14F49B33006283F0 /* PullToCreateDataSource.m in Sources */,
				9CB3D30114F49B3E006283F0 /* PullToCreateDelegate.m in Sources */,
				9CB3D31D14F5BB6E006283F0 /* HipsterIpsumGenerator.m in Sources */,
				9CF65D5F15757E0600DE73D6 /* CustomTriggerViewController.m in Sources */,
				9CF65D6315757E8600DE73D6 /* CustomTriggerDataSource.m in Sources */,
				9CF65D6615757E9500DE73D6 /* CustomTriggerDelegate.m in Sources */,
				9CF65D6D1575807B00DE73D6 /* CustomTriggerView.m in Sources */,
			);
			runOnlyForDeploymentPostprocessing = 0;
		};
/* End PBXSourcesBuildPhase section */

/* Begin PBXVariantGroup section */
		9C36417D14F41CA2005DE008 /* InfoPlist.strings */ = {
			isa = PBXVariantGroup;
			children = (
				9C36417E14F41CA2005DE008 /* en */,
			);
			name = InfoPlist.strings;
			sourceTree = "<group>";
		};
/* End PBXVariantGroup section */

/* Begin XCBuildConfiguration section */
		9C36419A14F41CA2005DE008 /* Debug */ = {
			isa = XCBuildConfiguration;
			buildSettings = {
				ALWAYS_SEARCH_USER_PATHS = NO;
				ARCHS = "$(ARCHS_STANDARD_32_BIT)";
				CLANG_ENABLE_OBJC_ARC = YES;
				"CODE_SIGN_IDENTITY[sdk=iphoneos*]" = "iPhone Developer";
				COPY_PHASE_STRIP = NO;
				GCC_C_LANGUAGE_STANDARD = gnu99;
				GCC_DYNAMIC_NO_PIC = NO;
				GCC_OPTIMIZATION_LEVEL = 0;
				GCC_PREPROCESSOR_DEFINITIONS = (
					"DEBUG=1",
					"$(inherited)",
				);
				GCC_SYMBOLS_PRIVATE_EXTERN = NO;
				GCC_VERSION = com.apple.compilers.llvm.clang.1_0;
				GCC_WARN_ABOUT_RETURN_TYPE = YES;
				GCC_WARN_UNINITIALIZED_AUTOS = YES;
				GCC_WARN_UNUSED_VARIABLE = YES;
				IPHONEOS_DEPLOYMENT_TARGET = 5.0;
				SDKROOT = iphoneos;
			};
			name = Debug;
		};
		9C36419B14F41CA2005DE008 /* Release */ = {
			isa = XCBuildConfiguration;
			buildSettings = {
				ALWAYS_SEARCH_USER_PATHS = NO;
				ARCHS = "$(ARCHS_STANDARD_32_BIT)";
				CLANG_ENABLE_OBJC_ARC = YES;
				"CODE_SIGN_IDENTITY[sdk=iphoneos*]" = "iPhone Developer";
				COPY_PHASE_STRIP = YES;
				GCC_C_LANGUAGE_STANDARD = gnu99;
				GCC_VERSION = com.apple.compilers.llvm.clang.1_0;
				GCC_WARN_ABOUT_RETURN_TYPE = YES;
				GCC_WARN_UNINITIALIZED_AUTOS = YES;
				GCC_WARN_UNUSED_VARIABLE = YES;
				IPHONEOS_DEPLOYMENT_TARGET = 5.0;
				OTHER_CFLAGS = "-DNS_BLOCK_ASSERTIONS=1";
				SDKROOT = iphoneos;
				VALIDATE_PRODUCT = YES;
			};
			name = Release;
		};
		9C36419D14F41CA2005DE008 /* Debug */ = {
			isa = XCBuildConfiguration;
			buildSettings = {
				GCC_OPTIMIZATION_LEVEL = s;
				GCC_PRECOMPILE_PREFIX_HEADER = YES;
				GCC_PREFIX_HEADER = "MOOPullGesture Demo/MOOPullGesture Demo-Prefix.pch";
				INFOPLIST_FILE = "MOOPullGesture Demo/MOOPullGesture Demo-Info.plist";
				IPHONEOS_DEPLOYMENT_TARGET = 4.0;
				PRODUCT_NAME = "$(TARGET_NAME)";
				WRAPPER_EXTENSION = app;
			};
			name = Debug;
		};
		9C36419E14F41CA2005DE008 /* Release */ = {
			isa = XCBuildConfiguration;
			buildSettings = {
				GCC_PRECOMPILE_PREFIX_HEADER = YES;
				GCC_PREFIX_HEADER = "MOOPullGesture Demo/MOOPullGesture Demo-Prefix.pch";
				INFOPLIST_FILE = "MOOPullGesture Demo/MOOPullGesture Demo-Info.plist";
				IPHONEOS_DEPLOYMENT_TARGET = 4.0;
				PRODUCT_NAME = "$(TARGET_NAME)";
				WRAPPER_EXTENSION = app;
			};
			name = Release;
		};
/* End XCBuildConfiguration section */

/* Begin XCConfigurationList section */
		9C36416A14F41CA2005DE008 /* Build configuration list for PBXProject "MOOPullGesture Demo" */ = {
			isa = XCConfigurationList;
			buildConfigurations = (
				9C36419A14F41CA2005DE008 /* Debug */,
				9C36419B14F41CA2005DE008 /* Release */,
			);
			defaultConfigurationIsVisible = 0;
			defaultConfigurationName = Release;
		};
		9C36419C14F41CA2005DE008 /* Build configuration list for PBXNativeTarget "MOOPullGesture Demo" */ = {
			isa = XCConfigurationList;
			buildConfigurations = (
				9C36419D14F41CA2005DE008 /* Debug */,
				9C36419E14F41CA2005DE008 /* Release */,
			);
			defaultConfigurationIsVisible = 0;
			defaultConfigurationName = Release;
		};
/* End XCConfigurationList section */
	};
	rootObject = 9C36416714F41CA2005DE008 /* Project object */;
}
