// !$*UTF8*$!
{
	archiveVersion = 1;
	classes = {
	};
	objectVersion = 46;
	objects = {

/* Begin PBXBuildFile section */
		9C36417514F41CA2005DE008 /* UIKit.framework in Frameworks */ = {isa = PBXBuildFile; fileRef = 9C36417414F41CA2005DE008 /* UIKit.framework */; };
		9C36417714F41CA2005DE008 /* Foundation.framework in Frameworks */ = {isa = PBXBuildFile; fileRef = 9C36417614F41CA2005DE008 /* Foundation.framework */; };
		9C36417914F41CA2005DE008 /* CoreGraphics.framework in Frameworks */ = {isa = PBXBuildFile; fileRef = 9C36417814F41CA2005DE008 /* CoreGraphics.framework */; };
		9C36417F14F41CA2005DE008 /* InfoPlist.strings in Resources */ = {isa = PBXBuildFile; fileRef = 9C36417D14F41CA2005DE008 /* InfoPlist.strings */; };
		9C36418114F41CA2005DE008 /* main.m in Sources */ = {isa = PBXBuildFile; fileRef = 9C36418014F41CA2005DE008 /* main.m */; };
		9C36418514F41CA2005DE008 /* AppDelegate.m in Sources */ = {isa = PBXBuildFile; fileRef = 9C36418414F41CA2005DE008 /* AppDelegate.m */; };
		9C36418814F41CA2005DE008 /* PullToRefreshViewController.m in Sources */ = {isa = PBXBuildFile; fileRef = 9C36418714F41CA2005DE008 /* PullToRefreshViewController.m */; };
		9C36418F14F41CA2005DE008 /* PullToCreateViewController.m in Sources */ = {isa = PBXBuildFile; fileRef = 9C36418E14F41CA2005DE008 /* PullToCreateViewController.m */; };
		9C3641B914F43947005DE008 /* Icon.png in Resources */ = {isa = PBXBuildFile; fileRef = 9C3641B714F43947005DE008 /* Icon.png */; };
		9C3641BA14F43947005DE008 /* Icon@2x.png in Resources */ = {isa = PBXBuildFile; fileRef = 9C3641B814F43947005DE008 /* Icon@2x.png */; };
/* End PBXBuildFile section */

/* Begin PBXFileReference section */
		9C36417014F41CA2005DE008 /* GOODPullGesture Demo.app */ = {isa = PBXFileReference; explicitFileType = wrapper.application; includeInIndex = 0; path = "GOODPullGesture Demo.app"; sourceTree = BUILT_PRODUCTS_DIR; };
		9C36417414F41CA2005DE008 /* UIKit.framework */ = {isa = PBXFileReference; lastKnownFileType = wrapper.framework; name = UIKit.framework; path = System/Library/Frameworks/UIKit.framework; sourceTree = SDKROOT; };
		9C36417614F41CA2005DE008 /* Foundation.framework */ = {isa = PBXFileReference; lastKnownFileType = wrapper.framework; name = Foundation.framework; path = System/Library/Frameworks/Foundation.framework; sourceTree = SDKROOT; };
		9C36417814F41CA2005DE008 /* CoreGraphics.framework */ = {isa = PBXFileReference; lastKnownFileType = wrapper.framework; name = CoreGraphics.framework; path = System/Library/Frameworks/CoreGraphics.framework; sourceTree = SDKROOT; };
		9C36417C14F41CA2005DE008 /* GOODPullGesture Demo-Info.plist */ = {isa = PBXFileReference; lastKnownFileType = text.plist.xml; path = "GOODPullGesture Demo-Info.plist"; sourceTree = "<group>"; };
		9C36417E14F41CA2005DE008 /* en */ = {isa = PBXFileReference; lastKnownFileType = text.plist.strings; name = en; path = en.lproj/InfoPlist.strings; sourceTree = "<group>"; };
		9C36418014F41CA2005DE008 /* main.m */ = {isa = PBXFileReference; lastKnownFileType = sourcecode.c.objc; path = main.m; sourceTree = "<group>"; };
		9C36418214F41CA2005DE008 /* GOODPullGesture Demo-Prefix.pch */ = {isa = PBXFileReference; lastKnownFileType = sourcecode.c.h; path = "GOODPullGesture Demo-Prefix.pch"; sourceTree = "<group>"; };
		9C36418314F41CA2005DE008 /* AppDelegate.h */ = {isa = PBXFileReference; lastKnownFileType = sourcecode.c.h; path = AppDelegate.h; sourceTree = "<group>"; };
		9C36418414F41CA2005DE008 /* AppDelegate.m */ = {isa = PBXFileReference; lastKnownFileType = sourcecode.c.objc; path = AppDelegate.m; sourceTree = "<group>"; };
		9C36418614F41CA2005DE008 /* PullToRefreshViewController.h */ = {isa = PBXFileReference; lastKnownFileType = sourcecode.c.h; path = PullToRefreshViewController.h; sourceTree = "<group>"; };
		9C36418714F41CA2005DE008 /* PullToRefreshViewController.m */ = {isa = PBXFileReference; lastKnownFileType = sourcecode.c.objc; path = PullToRefreshViewController.m; sourceTree = "<group>"; };
		9C36418D14F41CA2005DE008 /* PullToCreateViewController.h */ = {isa = PBXFileReference; lastKnownFileType = sourcecode.c.h; path = PullToCreateViewController.h; sourceTree = "<group>"; };
		9C36418E14F41CA2005DE008 /* PullToCreateViewController.m */ = {isa = PBXFileReference; lastKnownFileType = sourcecode.c.objc; path = PullToCreateViewController.m; sourceTree = "<group>"; };
		9C3641B714F43947005DE008 /* Icon.png */ = {isa = PBXFileReference; lastKnownFileType = image.png; path = Icon.png; sourceTree = "<group>"; };
		9C3641B814F43947005DE008 /* Icon@2x.png */ = {isa = PBXFileReference; lastKnownFileType = image.png; path = "Icon@2x.png"; sourceTree = "<group>"; };
/* End PBXFileReference section */

/* Begin PBXFrameworksBuildPhase section */
		9C36416D14F41CA2005DE008 /* Frameworks */ = {
			isa = PBXFrameworksBuildPhase;
			buildActionMask = 2147483647;
			files = (
				9C36417514F41CA2005DE008 /* UIKit.framework in Frameworks */,
				9C36417714F41CA2005DE008 /* Foundation.framework in Frameworks */,
				9C36417914F41CA2005DE008 /* CoreGraphics.framework in Frameworks */,
			);
			runOnlyForDeploymentPostprocessing = 0;
		};
/* End PBXFrameworksBuildPhase section */

/* Begin PBXGroup section */
		9C36416514F41CA2005DE008 = {
			isa = PBXGroup;
			children = (
				9C36417A14F41CA2005DE008 /* GOODPullGesture Demo */,
				9C3641AB14F435D1005DE008 /* External */,
				9C36417314F41CA2005DE008 /* Frameworks */,
				9C36417114F41CA2005DE008 /* Products */,
			);
			sourceTree = "<group>";
		};
		9C36417114F41CA2005DE008 /* Products */ = {
			isa = PBXGroup;
			children = (
				9C36417014F41CA2005DE008 /* GOODPullGesture Demo.app */,
			);
			name = Products;
			sourceTree = "<group>";
		};
		9C36417314F41CA2005DE008 /* Frameworks */ = {
			isa = PBXGroup;
			children = (
				9C36417414F41CA2005DE008 /* UIKit.framework */,
				9C36417614F41CA2005DE008 /* Foundation.framework */,
				9C36417814F41CA2005DE008 /* CoreGraphics.framework */,
			);
			name = Frameworks;
			sourceTree = "<group>";
		};
		9C36417A14F41CA2005DE008 /* GOODPullGesture Demo */ = {
			isa = PBXGroup;
			children = (
				9C36418314F41CA2005DE008 /* AppDelegate.h */,
				9C36418414F41CA2005DE008 /* AppDelegate.m */,
				9C3641A814F4344C005DE008 /* Pull to Refresh */,
				9C3641A914F4345B005DE008 /* Pull to Create */,
				9C36417B14F41CA2005DE008 /* Supporting Files */,
			);
			path = "GOODPullGesture Demo";
			sourceTree = "<group>";
		};
		9C36417B14F41CA2005DE008 /* Supporting Files */ = {
			isa = PBXGroup;
			children = (
				9C36417C14F41CA2005DE008 /* GOODPullGesture Demo-Info.plist */,
				9C36417D14F41CA2005DE008 /* InfoPlist.strings */,
				9C3641B714F43947005DE008 /* Icon.png */,
				9C3641B814F43947005DE008 /* Icon@2x.png */,
				9C36418014F41CA2005DE008 /* main.m */,
				9C36418214F41CA2005DE008 /* GOODPullGesture Demo-Prefix.pch */,
			);
			name = "Supporting Files";
			sourceTree = "<group>";
		};
		9C3641A814F4344C005DE008 /* Pull to Refresh */ = {
			isa = PBXGroup;
			children = (
				9C3641BC14F439F9005DE008 /* Support */,
				9C36418614F41CA2005DE008 /* PullToRefreshViewController.h */,
				9C36418714F41CA2005DE008 /* PullToRefreshViewController.m */,
			);
			name = "Pull to Refresh";
			sourceTree = "<group>";
		};
		9C3641A914F4345B005DE008 /* Pull to Create */ = {
			isa = PBXGroup;
			children = (
				9C3641BB14F439F3005DE008 /* Support */,
				9C36418D14F41CA2005DE008 /* PullToCreateViewController.h */,
				9C36418E14F41CA2005DE008 /* PullToCreateViewController.m */,
			);
			name = "Pull to Create";
			sourceTree = "<group>";
		};
		9C3641AB14F435D1005DE008 /* External */ = {
			isa = PBXGroup;
			children = (
				9C3641AC14F435DA005DE008 /* GOODPullGesture */,
			);
			name = External;
			sourceTree = "<group>";
		};
		9C3641AC14F435DA005DE008 /* GOODPullGesture */ = {
			isa = PBXGroup;
			children = (
			);
			name = GOODPullGesture;
			sourceTree = "<group>";
		};
		9C3641BB14F439F3005DE008 /* Support */ = {
			isa = PBXGroup;
			children = (
			);
			name = Support;
			sourceTree = "<group>";
		};
		9C3641BC14F439F9005DE008 /* Support */ = {
			isa = PBXGroup;
			children = (
			);
			name = Support;
			sourceTree = "<group>";
		};
/* End PBXGroup section */

/* Begin PBXNativeTarget section */
		9C36416F14F41CA2005DE008 /* GOODPullGesture Demo */ = {
			isa = PBXNativeTarget;
			buildConfigurationList = 9C36419C14F41CA2005DE008 /* Build configuration list for PBXNativeTarget "GOODPullGesture Demo" */;
			buildPhases = (
				9C36416C14F41CA2005DE008 /* Sources */,
				9C36416D14F41CA2005DE008 /* Frameworks */,
				9C36416E14F41CA2005DE008 /* Resources */,
			);
			buildRules = (
			);
			dependencies = (
			);
			name = "GOODPullGesture Demo";
			productName = "GOODPullGesture Demo";
			productReference = 9C36417014F41CA2005DE008 /* GOODPullGesture Demo.app */;
			productType = "com.apple.product-type.application";
		};
/* End PBXNativeTarget section */

/* Begin PBXProject section */
		9C36416714F41CA2005DE008 /* Project object */ = {
			isa = PBXProject;
			attributes = {
				LastUpgradeCheck = 0430;
				ORGANIZATIONNAME = pandolph;
			};
			buildConfigurationList = 9C36416A14F41CA2005DE008 /* Build configuration list for PBXProject "GOODPullGesture Demo" */;
			compatibilityVersion = "Xcode 3.2";
			developmentRegion = English;
			hasScannedForEncodings = 0;
			knownRegions = (
				en,
			);
			mainGroup = 9C36416514F41CA2005DE008;
			productRefGroup = 9C36417114F41CA2005DE008 /* Products */;
			projectDirPath = "";
			projectRoot = "";
			targets = (
				9C36416F14F41CA2005DE008 /* GOODPullGesture Demo */,
			);
		};
/* End PBXProject section */

/* Begin PBXResourcesBuildPhase section */
		9C36416E14F41CA2005DE008 /* Resources */ = {
			isa = PBXResourcesBuildPhase;
			buildActionMask = 2147483647;
			files = (
				9C36417F14F41CA2005DE008 /* InfoPlist.strings in Resources */,
				9C3641B914F43947005DE008 /* Icon.png in Resources */,
				9C3641BA14F43947005DE008 /* Icon@2x.png in Resources */,
			);
			runOnlyForDeploymentPostprocessing = 0;
		};
/* End PBXResourcesBuildPhase section */

/* Begin PBXSourcesBuildPhase section */
		9C36416C14F41CA2005DE008 /* Sources */ = {
			isa = PBXSourcesBuildPhase;
			buildActionMask = 2147483647;
			files = (
				9C36418114F41CA2005DE008 /* main.m in Sources */,
				9C36418514F41CA2005DE008 /* AppDelegate.m in Sources */,
				9C36418814F41CA2005DE008 /* PullToRefreshViewController.m in Sources */,
				9C36418F14F41CA2005DE008 /* PullToCreateViewController.m in Sources */,
			);
			runOnlyForDeploymentPostprocessing = 0;
		};
/* End PBXSourcesBuildPhase section */

/* Begin PBXVariantGroup section */
		9C36417D14F41CA2005DE008 /* InfoPlist.strings */ = {
			isa = PBXVariantGroup;
			children = (
				9C36417E14F41CA2005DE008 /* en */,
			);
			name = InfoPlist.strings;
			sourceTree = "<group>";
		};
/* End PBXVariantGroup section */

/* Begin XCBuildConfiguration section */
		9C36419A14F41CA2005DE008 /* Debug */ = {
			isa = XCBuildConfiguration;
			buildSettings = {
				ALWAYS_SEARCH_USER_PATHS = NO;
				ARCHS = "$(ARCHS_STANDARD_32_BIT)";
				CLANG_ENABLE_OBJC_ARC = YES;
				"CODE_SIGN_IDENTITY[sdk=iphoneos*]" = "iPhone Developer";
				COPY_PHASE_STRIP = NO;
				GCC_C_LANGUAGE_STANDARD = gnu99;
				GCC_DYNAMIC_NO_PIC = NO;
				GCC_OPTIMIZATION_LEVEL = 0;
				GCC_PREPROCESSOR_DEFINITIONS = (
					"DEBUG=1",
					"$(inherited)",
				);
				GCC_SYMBOLS_PRIVATE_EXTERN = NO;
				GCC_VERSION = com.apple.compilers.llvm.clang.1_0;
				GCC_WARN_ABOUT_RETURN_TYPE = YES;
				GCC_WARN_UNINITIALIZED_AUTOS = YES;
				GCC_WARN_UNUSED_VARIABLE = YES;
				IPHONEOS_DEPLOYMENT_TARGET = 5.0;
				SDKROOT = iphoneos;
			};
			name = Debug;
		};
		9C36419B14F41CA2005DE008 /* Release */ = {
			isa = XCBuildConfiguration;
			buildSettings = {
				ALWAYS_SEARCH_USER_PATHS = NO;
				ARCHS = "$(ARCHS_STANDARD_32_BIT)";
				CLANG_ENABLE_OBJC_ARC = YES;
				"CODE_SIGN_IDENTITY[sdk=iphoneos*]" = "iPhone Developer";
				COPY_PHASE_STRIP = YES;
				GCC_C_LANGUAGE_STANDARD = gnu99;
				GCC_VERSION = com.apple.compilers.llvm.clang.1_0;
				GCC_WARN_ABOUT_RETURN_TYPE = YES;
				GCC_WARN_UNINITIALIZED_AUTOS = YES;
				GCC_WARN_UNUSED_VARIABLE = YES;
				IPHONEOS_DEPLOYMENT_TARGET = 5.0;
				OTHER_CFLAGS = "-DNS_BLOCK_ASSERTIONS=1";
				SDKROOT = iphoneos;
				VALIDATE_PRODUCT = YES;
			};
			name = Release;
		};
		9C36419D14F41CA2005DE008 /* Debug */ = {
			isa = XCBuildConfiguration;
			buildSettings = {
				GCC_OPTIMIZATION_LEVEL = s;
				GCC_PRECOMPILE_PREFIX_HEADER = YES;
				GCC_PREFIX_HEADER = "GOODPullGesture Demo/GOODPullGesture Demo-Prefix.pch";
				INFOPLIST_FILE = "GOODPullGesture Demo/GOODPullGesture Demo-Info.plist";
				IPHONEOS_DEPLOYMENT_TARGET = 4.0;
				PRODUCT_NAME = "$(TARGET_NAME)";
				WRAPPER_EXTENSION = app;
			};
			name = Debug;
		};
		9C36419E14F41CA2005DE008 /* Release */ = {
			isa = XCBuildConfiguration;
			buildSettings = {
				GCC_PRECOMPILE_PREFIX_HEADER = YES;
				GCC_PREFIX_HEADER = "GOODPullGesture Demo/GOODPullGesture Demo-Prefix.pch";
				INFOPLIST_FILE = "GOODPullGesture Demo/GOODPullGesture Demo-Info.plist";
				IPHONEOS_DEPLOYMENT_TARGET = 4.0;
				PRODUCT_NAME = "$(TARGET_NAME)";
				WRAPPER_EXTENSION = app;
			};
			name = Release;
		};
/* End XCBuildConfiguration section */

/* Begin XCConfigurationList section */
		9C36416A14F41CA2005DE008 /* Build configuration list for PBXProject "GOODPullGesture Demo" */ = {
			isa = XCConfigurationList;
			buildConfigurations = (
				9C36419A14F41CA2005DE008 /* Debug */,
				9C36419B14F41CA2005DE008 /* Release */,
			);
			defaultConfigurationIsVisible = 0;
			defaultConfigurationName = Release;
		};
		9C36419C14F41CA2005DE008 /* Build configuration list for PBXNativeTarget "GOODPullGesture Demo" */ = {
			isa = XCConfigurationList;
			buildConfigurations = (
				9C36419D14F41CA2005DE008 /* Debug */,
				9C36419E14F41CA2005DE008 /* Release */,
			);
			defaultConfigurationIsVisible = 0;
		};
/* End XCConfigurationList section */
	};
	rootObject = 9C36416714F41CA2005DE008 /* Project object */;
}
